
Microsoft Visual Studio Solution File, Format Version 12.00
# Visual Studio Version 17
VisualStudioVersion = 17.14.36705.20 d17.14
MinimumVisualStudioVersion = 10.0.40219.1
Project("{FAE04EC0-301F-11D3-BF4B-00C04F79EFBC}") = "PottingLabelPrinter", "PottingLabelPrinter.csproj", "{1F6D9C08-542D-4A9C-BFFA-0A6D153753ED}"
EndProject
Global
	GlobalSection(SolutionConfigurationPlatforms) = preSolution
		Debug|Any CPU = Debug|Any CPU
		Release|Any CPU = Release|Any CPU
	EndGlobalSection
	GlobalSection(ProjectConfigurationPlatforms) = postSolution
		{1F6D9C08-542D-4A9C-BFFA-0A6D153753ED}.Debug|Any CPU.ActiveCfg = Debug|Any CPU
		{1F6D9C08-542D-4A9C-BFFA-0A6D153753ED}.Debug|Any CPU.Build.0 = Debug|Any CPU
		{1F6D9C08-542D-4A9C-BFFA-0A6D153753ED}.Release|Any CPU.ActiveCfg = Release|Any CPU
		{1F6D9C08-542D-4A9C-BFFA-0A6D153753ED}.Release|Any CPU.Build.0 = Release|Any CPU
	EndGlobalSection
	GlobalSection(SolutionProperties) = preSolution
		HideSolutionNode = FALSE
	EndGlobalSection
	GlobalSection(ExtensibilityGlobals) = postSolution
		SolutionGuid = {4DDD3252-F31D-47F4-8B16-035624EFF92F}
	EndGlobalSection
EndGlobal
